
Microsoft Visual Studio Solution File, Format Version 12.00
# Visual Studio Version 16
VisualStudioVersion = 16.0.29519.87
MinimumVisualStudioVersion = 10.0.40219.1
Project("{FAE04EC0-301F-11D3-BF4B-00C04F79EFBC}") = "finalproject.UWP", "finalproject\finalproject.UWP\finalproject.UWP.csproj", "{495E1554-A69C-4BDD-B0AC-0026608ED3C2}"
EndProject
Project("{FAE04EC0-301F-11D3-BF4B-00C04F79EFBC}") = "finalproject.Android", "finalproject\finalproject.Android\finalproject.Android.csproj", "{A1661106-98E5-4B2C-9E26-765097814938}"
EndProject
Project("{FAE04EC0-301F-11D3-BF4B-00C04F79EFBC}") = "finalproject.iOS", "finalproject\finalproject.iOS\finalproject.iOS.csproj", "{98712286-2046-4DD2-A221-5E4F3DC28598}"
EndProject
Project("{FAE04EC0-301F-11D3-BF4B-00C04F79EFBC}") = "finalproject", "finalproject\finalproject\finalproject.csproj", "{0F4B59B3-47A4-409C-9DB7-DADBA79F5D8D}"
EndProject
Global
	GlobalSection(SolutionConfigurationPlatforms) = preSolution
		Debug|Any CPU = Debug|Any CPU
		Debug|ARM = Debug|ARM
		Debug|iPhone = Debug|iPhone
		Debug|iPhoneSimulator = Debug|iPhoneSimulator
		Debug|x64 = Debug|x64
		Debug|x86 = Debug|x86
		Release|Any CPU = Release|Any CPU
		Release|ARM = Release|ARM
		Release|iPhone = Release|iPhone
		Release|iPhoneSimulator = Release|iPhoneSimulator
		Release|x64 = Release|x64
		Release|x86 = Release|x86
	EndGlobalSection
	GlobalSection(ProjectConfigurationPlatforms) = postSolution
		{495E1554-A69C-4BDD-B0AC-0026608ED3C2}.Debug|Any CPU.ActiveCfg = Debug|x86
		{495E1554-A69C-4BDD-B0AC-0026608ED3C2}.Debug|Any CPU.Build.0 = Debug|x86
		{495E1554-A69C-4BDD-B0AC-0026608ED3C2}.Debug|Any CPU.Deploy.0 = Debug|x86
		{495E1554-A69C-4BDD-B0AC-0026608ED3C2}.Debug|ARM.ActiveCfg = Debug|ARM
		{495E1554-A69C-4BDD-B0AC-0026608ED3C2}.Debug|ARM.Build.0 = Debug|ARM
		{495E1554-A69C-4BDD-B0AC-0026608ED3C2}.Debug|ARM.Deploy.0 = Debug|ARM
		{495E1554-A69C-4BDD-B0AC-0026608ED3C2}.Debug|iPhone.ActiveCfg = Debug|x86
		{495E1554-A69C-4BDD-B0AC-0026608ED3C2}.Debug|iPhone.Build.0 = Debug|x86
		{495E1554-A69C-4BDD-B0AC-0026608ED3C2}.Debug|iPhone.Deploy.0 = Debug|x86
		{495E1554-A69C-4BDD-B0AC-0026608ED3C2}.Debug|iPhoneSimulator.ActiveCfg = Debug|x86
		{495E1554-A69C-4BDD-B0AC-0026608ED3C2}.Debug|iPhoneSimulator.Build.0 = Debug|x86
		{495E1554-A69C-4BDD-B0AC-0026608ED3C2}.Debug|iPhoneSimulator.Deploy.0 = Debug|x86
		{495E1554-A69C-4BDD-B0AC-0026608ED3C2}.Debug|x64.ActiveCfg = Debug|x64
		{495E1554-A69C-4BDD-B0AC-0026608ED3C2}.Debug|x64.Build.0 = Debug|x64
		{495E1554-A69C-4BDD-B0AC-0026608ED3C2}.Debug|x64.Deploy.0 = Debug|x64
		{495E1554-A69C-4BDD-B0AC-0026608ED3C2}.Debug|x86.ActiveCfg = Debug|x86
		{495E1554-A69C-4BDD-B0AC-0026608ED3C2}.Debug|x86.Build.0 = Debug|x86
		{495E1554-A69C-4BDD-B0AC-0026608ED3C2}.Debug|x86.Deploy.0 = Debug|x86
		{495E1554-A69C-4BDD-B0AC-0026608ED3C2}.Release|Any CPU.ActiveCfg = Release|x86
		{495E1554-A69C-4BDD-B0AC-0026608ED3C2}.Release|Any CPU.Build.0 = Release|x86
		{495E1554-A69C-4BDD-B0AC-0026608ED3C2}.Release|Any CPU.Deploy.0 = Release|x86
		{495E1554-A69C-4BDD-B0AC-0026608ED3C2}.Release|ARM.ActiveCfg = Release|ARM
		{495E1554-A69C-4BDD-B0AC-0026608ED3C2}.Release|ARM.Build.0 = Release|ARM
		{495E1554-A69C-4BDD-B0AC-0026608ED3C2}.Release|ARM.Deploy.0 = Release|ARM
		{495E1554-A69C-4BDD-B0AC-0026608ED3C2}.Release|iPhone.ActiveCfg = Release|x86
		{495E1554-A69C-4BDD-B0AC-0026608ED3C2}.Release|iPhone.Build.0 = Release|x86
		{495E1554-A69C-4BDD-B0AC-0026608ED3C2}.Release|iPhone.Deploy.0 = Release|x86
		{495E1554-A69C-4BDD-B0AC-0026608ED3C2}.Release|iPhoneSimulator.ActiveCfg = Release|x86
		{495E1554-A69C-4BDD-B0AC-0026608ED3C2}.Release|iPhoneSimulator.Build.0 = Release|x86
		{495E1554-A69C-4BDD-B0AC-0026608ED3C2}.Release|iPhoneSimulator.Deploy.0 = Release|x86
		{495E1554-A69C-4BDD-B0AC-0026608ED3C2}.Release|x64.ActiveCfg = Release|x64
		{495E1554-A69C-4BDD-B0AC-0026608ED3C2}.Release|x64.Build.0 = Release|x64
		{495E1554-A69C-4BDD-B0AC-0026608ED3C2}.Release|x64.Deploy.0 = Release|x64
		{495E1554-A69C-4BDD-B0AC-0026608ED3C2}.Release|x86.ActiveCfg = Release|x86
		{495E1554-A69C-4BDD-B0AC-0026608ED3C2}.Release|x86.Build.0 = Release|x86
		{495E1554-A69C-4BDD-B0AC-0026608ED3C2}.Release|x86.Deploy.0 = Release|x86
		{A1661106-98E5-4B2C-9E26-765097814938}.Debug|Any CPU.ActiveCfg = Debug|Any CPU
		{A1661106-98E5-4B2C-9E26-765097814938}.Debug|Any CPU.Build.0 = Debug|Any CPU
		{A1661106-98E5-4B2C-9E26-765097814938}.Debug|Any CPU.Deploy.0 = Debug|Any CPU
		{A1661106-98E5-4B2C-9E26-765097814938}.Debug|ARM.ActiveCfg = Debug|Any CPU
		{A1661106-98E5-4B2C-9E26-765097814938}.Debug|ARM.Build.0 = Debug|Any CPU
		{A1661106-98E5-4B2C-9E26-765097814938}.Debug|ARM.Deploy.0 = Debug|Any CPU
		{A1661106-98E5-4B2C-9E26-765097814938}.Debug|iPhone.ActiveCfg = Debug|Any CPU
		{A1661106-98E5-4B2C-9E26-765097814938}.Debug|iPhone.Build.0 = Debug|Any CPU
		{A1661106-98E5-4B2C-9E26-765097814938}.Debug|iPhone.Deploy.0 = Debug|Any CPU
		{A1661106-98E5-4B2C-9E26-765097814938}.Debug|iPhoneSimulator.ActiveCfg = Debug|Any CPU
		{A1661106-98E5-4B2C-9E26-765097814938}.Debug|iPhoneSimulator.Build.0 = Debug|Any CPU
		{A1661106-98E5-4B2C-9E26-765097814938}.Debug|iPhoneSimulator.Deploy.0 = Debug|Any CPU
		{A1661106-98E5-4B2C-9E26-765097814938}.Debug|x64.ActiveCfg = Debug|Any CPU
		{A1661106-98E5-4B2C-9E26-765097814938}.Debug|x64.Build.0 = Debug|Any CPU
		{A1661106-98E5-4B2C-9E26-765097814938}.Debug|x64.Deploy.0 = Debug|Any CPU
		{A1661106-98E5-4B2C-9E26-765097814938}.Debug|x86.ActiveCfg = Debug|Any CPU
		{A1661106-98E5-4B2C-9E26-765097814938}.Debug|x86.Build.0 = Debug|Any CPU
		{A1661106-98E5-4B2C-9E26-765097814938}.Debug|x86.Deploy.0 = Debug|Any CPU
		{A1661106-98E5-4B2C-9E26-765097814938}.Release|Any CPU.ActiveCfg = Release|Any CPU
		{A1661106-98E5-4B2C-9E26-765097814938}.Release|Any CPU.Build.0 = Release|Any CPU
		{A1661106-98E5-4B2C-9E26-765097814938}.Release|Any CPU.Deploy.0 = Release|Any CPU
		{A1661106-98E5-4B2C-9E26-765097814938}.Release|ARM.ActiveCfg = Release|Any CPU
		{A1661106-98E5-4B2C-9E26-765097814938}.Release|ARM.Build.0 = Release|Any CPU
		{A1661106-98E5-4B2C-9E26-765097814938}.Release|ARM.Deploy.0 = Release|Any CPU
		{A1661106-98E5-4B2C-9E26-765097814938}.Release|iPhone.ActiveCfg = Release|Any CPU
		{A1661106-98E5-4B2C-9E26-765097814938}.Release|iPhone.Build.0 = Release|Any CPU
		{A1661106-98E5-4B2C-9E26-765097814938}.Release|iPhone.Deploy.0 = Release|Any CPU
		{A1661106-98E5-4B2C-9E26-765097814938}.Release|iPhoneSimulator.ActiveCfg = Release|Any CPU
		{A1661106-98E5-4B2C-9E26-765097814938}.Release|iPhoneSimulator.Build.0 = Release|Any CPU
		{A1661106-98E5-4B2C-9E26-765097814938}.Release|iPhoneSimulator.Deploy.0 = Release|Any CPU
		{A1661106-98E5-4B2C-9E26-765097814938}.Release|x64.ActiveCfg = Release|Any CPU
		{A1661106-98E5-4B2C-9E26-765097814938}.Release|x64.Build.0 = Release|Any CPU
		{A1661106-98E5-4B2C-9E26-765097814938}.Release|x64.Deploy.0 = Release|Any CPU
		{A1661106-98E5-4B2C-9E26-765097814938}.Release|x86.ActiveCfg = Release|Any CPU
		{A1661106-98E5-4B2C-9E26-765097814938}.Release|x86.Build.0 = Release|Any CPU
		{A1661106-98E5-4B2C-9E26-765097814938}.Release|x86.Deploy.0 = Release|Any CPU
		{98712286-2046-4DD2-A221-5E4F3DC28598}.Debug|Any CPU.ActiveCfg = Debug|iPhone
		{98712286-2046-4DD2-A221-5E4F3DC28598}.Debug|Any CPU.Build.0 = Debug|iPhone
		{98712286-2046-4DD2-A221-5E4F3DC28598}.Debug|Any CPU.Deploy.0 = Debug|iPhone
		{98712286-2046-4DD2-A221-5E4F3DC28598}.Debug|ARM.ActiveCfg = Debug|iPhoneSimulator
		{98712286-2046-4DD2-A221-5E4F3DC28598}.Debug|ARM.Build.0 = Debug|iPhoneSimulator
		{98712286-2046-4DD2-A221-5E4F3DC28598}.Debug|ARM.Deploy.0 = Debug|iPhoneSimulator
		{98712286-2046-4DD2-A221-5E4F3DC28598}.Debug|iPhone.ActiveCfg = Debug|iPhone
		{98712286-2046-4DD2-A221-5E4F3DC28598}.Debug|iPhone.Build.0 = Debug|iPhone
		{98712286-2046-4DD2-A221-5E4F3DC28598}.Debug|iPhone.Deploy.0 = Debug|iPhone
		{98712286-2046-4DD2-A221-5E4F3DC28598}.Debug|iPhoneSimulator.ActiveCfg = Debug|iPhoneSimulator
		{98712286-2046-4DD2-A221-5E4F3DC28598}.Debug|iPhoneSimulator.Build.0 = Debug|iPhoneSimulator
		{98712286-2046-4DD2-A221-5E4F3DC28598}.Debug|iPhoneSimulator.Deploy.0 = Debug|iPhoneSimulator
		{98712286-2046-4DD2-A221-5E4F3DC28598}.Debug|x64.ActiveCfg = Debug|iPhone
		{98712286-2046-4DD2-A221-5E4F3DC28598}.Debug|x64.Build.0 = Debug|iPhone
		{98712286-2046-4DD2-A221-5E4F3DC28598}.Debug|x64.Deploy.0 = Debug|iPhone
		{98712286-2046-4DD2-A221-5E4F3DC28598}.Debug|x86.ActiveCfg = Debug|iPhone
		{98712286-2046-4DD2-A221-5E4F3DC28598}.Debug|x86.Build.0 = Debug|iPhone
		{98712286-2046-4DD2-A221-5E4F3DC28598}.Debug|x86.Deploy.0 = Debug|iPhone
		{98712286-2046-4DD2-A221-5E4F3DC28598}.Release|Any CPU.ActiveCfg = Release|iPhone
		{98712286-2046-4DD2-A221-5E4F3DC28598}.Release|Any CPU.Build.0 = Release|iPhone
		{98712286-2046-4DD2-A221-5E4F3DC28598}.Release|Any CPU.Deploy.0 = Release|iPhone
		{98712286-2046-4DD2-A221-5E4F3DC28598}.Release|ARM.ActiveCfg = Release|iPhone
		{98712286-2046-4DD2-A221-5E4F3DC28598}.Release|ARM.Build.0 = Release|iPhone
		{98712286-2046-4DD2-A221-5E4F3DC28598}.Release|ARM.Deploy.0 = Release|iPhone
		{98712286-2046-4DD2-A221-5E4F3DC28598}.Release|iPhone.ActiveCfg = Release|iPhone
		{98712286-2046-4DD2-A221-5E4F3DC28598}.Release|iPhone.Build.0 = Release|iPhone
		{98712286-2046-4DD2-A221-5E4F3DC28598}.Release|iPhone.Deploy.0 = Release|iPhone
		{98712286-2046-4DD2-A221-5E4F3DC28598}.Release|iPhoneSimulator.ActiveCfg = Release|iPhoneSimulator
		{98712286-2046-4DD2-A221-5E4F3DC28598}.Release|iPhoneSimulator.Build.0 = Release|iPhoneSimulator
		{98712286-2046-4DD2-A221-5E4F3DC28598}.Release|iPhoneSimulator.Deploy.0 = Release|iPhoneSimulator
		{98712286-2046-4DD2-A221-5E4F3DC28598}.Release|x64.ActiveCfg = Release|iPhone
		{98712286-2046-4DD2-A221-5E4F3DC28598}.Release|x64.Build.0 = Release|iPhone
		{98712286-2046-4DD2-A221-5E4F3DC28598}.Release|x64.Deploy.0 = Release|iPhone
		{98712286-2046-4DD2-A221-5E4F3DC28598}.Release|x86.ActiveCfg = Release|iPhone
		{98712286-2046-4DD2-A221-5E4F3DC28598}.Release|x86.Build.0 = Release|iPhone
		{98712286-2046-4DD2-A221-5E4F3DC28598}.Release|x86.Deploy.0 = Release|iPhone
		{0F4B59B3-47A4-409C-9DB7-DADBA79F5D8D}.Debug|Any CPU.ActiveCfg = Debug|Any CPU
		{0F4B59B3-47A4-409C-9DB7-DADBA79F5D8D}.Debug|Any CPU.Build.0 = Debug|Any CPU
		{0F4B59B3-47A4-409C-9DB7-DADBA79F5D8D}.Debug|Any CPU.Deploy.0 = Debug|Any CPU
		{0F4B59B3-47A4-409C-9DB7-DADBA79F5D8D}.Debug|ARM.ActiveCfg = Debug|Any CPU
		{0F4B59B3-47A4-409C-9DB7-DADBA79F5D8D}.Debug|ARM.Build.0 = Debug|Any CPU
		{0F4B59B3-47A4-409C-9DB7-DADBA79F5D8D}.Debug|ARM.Deploy.0 = Debug|Any CPU
		{0F4B59B3-47A4-409C-9DB7-DADBA79F5D8D}.Debug|iPhone.ActiveCfg = Debug|Any CPU
		{0F4B59B3-47A4-409C-9DB7-DADBA79F5D8D}.Debug|iPhone.Build.0 = Debug|Any CPU
		{0F4B59B3-47A4-409C-9DB7-DADBA79F5D8D}.Debug|iPhone.Deploy.0 = Debug|Any CPU
		{0F4B59B3-47A4-409C-9DB7-DADBA79F5D8D}.Debug|iPhoneSimulator.ActiveCfg = Debug|Any CPU
		{0F4B59B3-47A4-409C-9DB7-DADBA79F5D8D}.Debug|iPhoneSimulator.Build.0 = Debug|Any CPU
		{0F4B59B3-47A4-409C-9DB7-DADBA79F5D8D}.Debug|iPhoneSimulator.Deploy.0 = Debug|Any CPU
		{0F4B59B3-47A4-409C-9DB7-DADBA79F5D8D}.Debug|x64.ActiveCfg = Debug|Any CPU
		{0F4B59B3-47A4-409C-9DB7-DADBA79F5D8D}.Debug|x64.Build.0 = Debug|Any CPU
		{0F4B59B3-47A4-409C-9DB7-DADBA79F5D8D}.Debug|x64.Deploy.0 = Debug|Any CPU
		{0F4B59B3-47A4-409C-9DB7-DADBA79F5D8D}.Debug|x86.ActiveCfg = Debug|Any CPU
		{0F4B59B3-47A4-409C-9DB7-DADBA79F5D8D}.Debug|x86.Build.0 = Debug|Any CPU
		{0F4B59B3-47A4-409C-9DB7-DADBA79F5D8D}.Debug|x86.Deploy.0 = Debug|Any CPU
		{0F4B59B3-47A4-409C-9DB7-DADBA79F5D8D}.Release|Any CPU.ActiveCfg = Release|Any CPU
		{0F4B59B3-47A4-409C-9DB7-DADBA79F5D8D}.Release|Any CPU.Build.0 = Release|Any CPU
		{0F4B59B3-47A4-409C-9DB7-DADBA79F5D8D}.Release|Any CPU.Deploy.0 = Release|Any CPU
		{0F4B59B3-47A4-409C-9DB7-DADBA79F5D8D}.Release|ARM.ActiveCfg = Release|Any CPU
		{0F4B59B3-47A4-409C-9DB7-DADBA79F5D8D}.Release|ARM.Build.0 = Release|Any CPU
		{0F4B59B3-47A4-409C-9DB7-DADBA79F5D8D}.Release|ARM.Deploy.0 = Release|Any CPU
		{0F4B59B3-47A4-409C-9DB7-DADBA79F5D8D}.Release|iPhone.ActiveCfg = Release|Any CPU
		{0F4B59B3-47A4-409C-9DB7-DADBA79F5D8D}.Release|iPhone.Build.0 = Release|Any CPU
		{0F4B59B3-47A4-409C-9DB7-DADBA79F5D8D}.Release|iPhone.Deploy.0 = Release|Any CPU
		{0F4B59B3-47A4-409C-9DB7-DADBA79F5D8D}.Release|iPhoneSimulator.ActiveCfg = Release|Any CPU
		{0F4B59B3-47A4-409C-9DB7-DADBA79F5D8D}.Release|iPhoneSimulator.Build.0 = Release|Any CPU
		{0F4B59B3-47A4-409C-9DB7-DADBA79F5D8D}.Release|iPhoneSimulator.Deploy.0 = Release|Any CPU
		{0F4B59B3-47A4-409C-9DB7-DADBA79F5D8D}.Release|x64.ActiveCfg = Release|Any CPU
		{0F4B59B3-47A4-409C-9DB7-DADBA79F5D8D}.Release|x64.Build.0 = Release|Any CPU
		{0F4B59B3-47A4-409C-9DB7-DADBA79F5D8D}.Release|x64.Deploy.0 = Release|Any CPU
		{0F4B59B3-47A4-409C-9DB7-DADBA79F5D8D}.Release|x86.ActiveCfg = Release|Any CPU
		{0F4B59B3-47A4-409C-9DB7-DADBA79F5D8D}.Release|x86.Build.0 = Release|Any CPU
		{0F4B59B3-47A4-409C-9DB7-DADBA79F5D8D}.Release|x86.Deploy.0 = Release|Any CPU
	EndGlobalSection
	GlobalSection(SolutionProperties) = preSolution
		HideSolutionNode = FALSE
	EndGlobalSection
	GlobalSection(ExtensibilityGlobals) = postSolution
		SolutionGuid = {FD4E2CD2-814A-420B-8D25-1FE480645D7C}
	EndGlobalSection
EndGlobal
